
Microsoft Visual Studio Solution File, Format Version 12.00
# Visual Studio Version 16
VisualStudioVersion = 16.0.31129.286
MinimumVisualStudioVersion = 10.0.40219.1
Project("{FAE04EC0-301F-11D3-BF4B-00C04F79EFBC}") = "VMath", "VMath.csproj", "{D2919251-D81E-4C40-BF60-2A898DC9E60D}"
EndProject
Project("{FAE04EC0-301F-11D3-BF4B-00C04F79EFBC}") = "SimpleTest", "SimpleTest\SimpleTest.csproj", "{11FE8F54-1BB7-494D-8BBD-D24A7CFEBCA6}"
EndProject
Project("{FAE04EC0-301F-11D3-BF4B-00C04F79EFBC}") = "WebTest", "WebTest\WebTest\WebTest.csproj", "{71E5E9D2-8D1C-4713-9677-72C44C3719D5}"
EndProject
Global
	GlobalSection(SolutionConfigurationPlatforms) = preSolution
		Debug|Any CPU = Debug|Any CPU
		Release|Any CPU = Release|Any CPU
	EndGlobalSection
	GlobalSection(ProjectConfigurationPlatforms) = postSolution
		{D2919251-D81E-4C40-BF60-2A898DC9E60D}.Debug|Any CPU.ActiveCfg = Debug|Any CPU
		{D2919251-D81E-4C40-BF60-2A898DC9E60D}.Debug|Any CPU.Build.0 = Debug|Any CPU
		{D2919251-D81E-4C40-BF60-2A898DC9E60D}.Release|Any CPU.ActiveCfg = Release|Any CPU
		{D2919251-D81E-4C40-BF60-2A898DC9E60D}.Release|Any CPU.Build.0 = Release|Any CPU
		{11FE8F54-1BB7-494D-8BBD-D24A7CFEBCA6}.Debug|Any CPU.ActiveCfg = Debug|Any CPU
		{11FE8F54-1BB7-494D-8BBD-D24A7CFEBCA6}.Debug|Any CPU.Build.0 = Debug|Any CPU
		{11FE8F54-1BB7-494D-8BBD-D24A7CFEBCA6}.Release|Any CPU.ActiveCfg = Release|Any CPU
		{11FE8F54-1BB7-494D-8BBD-D24A7CFEBCA6}.Release|Any CPU.Build.0 = Release|Any CPU
		{71E5E9D2-8D1C-4713-9677-72C44C3719D5}.Debug|Any CPU.ActiveCfg = Debug|Any CPU
		{71E5E9D2-8D1C-4713-9677-72C44C3719D5}.Debug|Any CPU.Build.0 = Debug|Any CPU
		{71E5E9D2-8D1C-4713-9677-72C44C3719D5}.Release|Any CPU.ActiveCfg = Release|Any CPU
		{71E5E9D2-8D1C-4713-9677-72C44C3719D5}.Release|Any CPU.Build.0 = Release|Any CPU
	EndGlobalSection
	GlobalSection(SolutionProperties) = preSolution
		HideSolutionNode = FALSE
	EndGlobalSection
	GlobalSection(ExtensibilityGlobals) = postSolution
		SolutionGuid = {EF31821A-CC63-4981-B8F0-27EA5D3C9001}
	EndGlobalSection
EndGlobal
